
Microsoft Visual Studio Solution File, Format Version 12.00
# Visual Studio 15
Project("{FAE04EC0-301F-11D3-BF4B-00C04F79EFBC}") = "Assembly-CSharp-firstpass", "Assembly-CSharp-firstpass.csproj", "{2204C60D-D943-9521-7760-85F35B23B341}"
EndProject
Project("{FAE04EC0-301F-11D3-BF4B-00C04F79EFBC}") = "Assembly-CSharp", "Assembly-CSharp.csproj", "{96F77FF5-EE90-86BE-14FD-FBD62DF3F125}"
EndProject
Global
	GlobalSection(SolutionConfigurationPlatforms) = preSolution
		Debug|Any CPU = Debug|Any CPU
		Release|Any CPU = Release|Any CPU
	EndGlobalSection
	GlobalSection(ProjectConfigurationPlatforms) = postSolution
		{2204C60D-D943-9521-7760-85F35B23B341}.Debug|Any CPU.ActiveCfg = Debug|Any CPU
		{2204C60D-D943-9521-7760-85F35B23B341}.Debug|Any CPU.Build.0 = Debug|Any CPU
		{2204C60D-D943-9521-7760-85F35B23B341}.Release|Any CPU.ActiveCfg = Release|Any CPU
		{2204C60D-D943-9521-7760-85F35B23B341}.Release|Any CPU.Build.0 = Release|Any CPU
		{96F77FF5-EE90-86BE-14FD-FBD62DF3F125}.Debug|Any CPU.ActiveCfg = Debug|Any CPU
		{96F77FF5-EE90-86BE-14FD-FBD62DF3F125}.Debug|Any CPU.Build.0 = Debug|Any CPU
		{96F77FF5-EE90-86BE-14FD-FBD62DF3F125}.Release|Any CPU.ActiveCfg = Release|Any CPU
		{96F77FF5-EE90-86BE-14FD-FBD62DF3F125}.Release|Any CPU.Build.0 = Release|Any CPU
	EndGlobalSection
	GlobalSection(SolutionProperties) = preSolution
		HideSolutionNode = FALSE
	EndGlobalSection
EndGlobal
